{
  "name": "infrastructure",
  "version": "1.0.0",
  "lockfileVersion": 1,
  "requires": true,
  "dependencies": {
    "@aws-cdk/assets": {
      "version": "1.60.0",
      "resolved": "https://registry.npmjs.org/@aws-cdk/assets/-/assets-1.60.0.tgz",
      "integrity": "sha512-QDs+KZ0a9A4eQiOH894W/nGW3A0vxE63hMcQbWCJx6BGEzF8mRlYhovrEWAc8T1hfO7Ze0ZOvrcznpjnxk650g==",
      "requires": {
        "@aws-cdk/core": "1.60.0",
        "@aws-cdk/cx-api": "1.60.0",
        "constructs": "^3.0.2"
      }
    },
    "@aws-cdk/aws-applicationautoscaling": {
      "version": "1.60.0",
      "resolved": "https://registry.npmjs.org/@aws-cdk/aws-applicationautoscaling/-/aws-applicationautoscaling-1.60.0.tgz",
      "integrity": "sha512-DoTp7oW286zmuEAvvtT/XcPYc8xJe71v7EiSxjH2lbpnnp1ZuGWqqK6ZJHQuAKkfNh0ggni1AkAb/YUo4w4IFQ==",
      "requires": {
        "@aws-cdk/aws-autoscaling-common": "1.60.0",
        "@aws-cdk/aws-cloudwatch": "1.60.0",
        "@aws-cdk/aws-iam": "1.60.0",
        "@aws-cdk/core": "1.60.0",
        "constructs": "^3.0.2"
      }
    },
    "@aws-cdk/aws-autoscaling": {
      "version": "1.60.0",
      "resolved": "https://registry.npmjs.org/@aws-cdk/aws-autoscaling/-/aws-autoscaling-1.60.0.tgz",
      "integrity": "sha512-48Qc4FWaYdoN4EeNqilfp9kXG+LVQA22GPUpr8fODc2qPD8xBM6DD99VH8APFn8L1onBPzk/hM1/yTB8tcIiWQ==",
      "requires": {
        "@aws-cdk/aws-autoscaling-common": "1.60.0",
        "@aws-cdk/aws-cloudwatch": "1.60.0",
        "@aws-cdk/aws-ec2": "1.60.0",
        "@aws-cdk/aws-elasticloadbalancing": "1.60.0",
        "@aws-cdk/aws-elasticloadbalancingv2": "1.60.0",
        "@aws-cdk/aws-iam": "1.60.0",
        "@aws-cdk/aws-sns": "1.60.0",
        "@aws-cdk/core": "1.60.0",
        "constructs": "^3.0.2"
      }
    },
    "@aws-cdk/aws-autoscaling-common": {
      "version": "1.60.0",
      "resolved": "https://registry.npmjs.org/@aws-cdk/aws-autoscaling-common/-/aws-autoscaling-common-1.60.0.tgz",
      "integrity": "sha512-vkXIvJ4zmOkd39Trm1C07YdWL+GBRDSeAAqoc4rWbw/yAKEhvpqx/oNW4rRqABA1lC3490R/mSje7Dr8Z8y5Dw==",
      "requires": {
        "@aws-cdk/aws-iam": "1.60.0",
        "@aws-cdk/core": "1.60.0",
        "constructs": "^3.0.2"
      }
    },
    "@aws-cdk/aws-autoscaling-hooktargets": {
      "version": "1.60.0",
      "resolved": "https://registry.npmjs.org/@aws-cdk/aws-autoscaling-hooktargets/-/aws-autoscaling-hooktargets-1.60.0.tgz",
      "integrity": "sha512-hfDsKODJ5GHhlBYShjnuf6wSM8PAR3AbrM0EZI3R2712auhnn1B4utuoqZsPaj0V19AVFhKEilbMbBmVOF/HoA==",
      "requires": {
        "@aws-cdk/aws-autoscaling": "1.60.0",
        "@aws-cdk/aws-iam": "1.60.0",
        "@aws-cdk/aws-kms": "1.60.0",
        "@aws-cdk/aws-lambda": "1.60.0",
        "@aws-cdk/aws-sns": "1.60.0",
        "@aws-cdk/aws-sns-subscriptions": "1.60.0",
        "@aws-cdk/aws-sqs": "1.60.0",
        "@aws-cdk/core": "1.60.0",
        "constructs": "^3.0.2"
      }
    },
    "@aws-cdk/aws-certificatemanager": {
      "version": "1.60.0",
      "resolved": "https://registry.npmjs.org/@aws-cdk/aws-certificatemanager/-/aws-certificatemanager-1.60.0.tgz",
      "integrity": "sha512-kz1lbkYmWP/fmpPgYlODMseJUbSLlxtQJPlz5BN4lMkAcMpAsaPSLbU5/pO/XSqhPYl9vZb3NjCbNVdfQQaGhg==",
      "requires": {
        "@aws-cdk/aws-iam": "1.60.0",
        "@aws-cdk/aws-lambda": "1.60.0",
        "@aws-cdk/aws-route53": "1.60.0",
        "@aws-cdk/core": "1.60.0",
        "constructs": "^3.0.2"
      }
    },
    "@aws-cdk/aws-cloudwatch": {
      "version": "1.60.0",
      "resolved": "https://registry.npmjs.org/@aws-cdk/aws-cloudwatch/-/aws-cloudwatch-1.60.0.tgz",
      "integrity": "sha512-12LK2Q/BR4HMwm2vBQHjQRyZT00FWGu9TO0wutJ78BYooqM4YpSdkRiNv74HRtG6RLPo9QmUFrUE5IFYpN0O2w==",
      "requires": {
        "@aws-cdk/aws-iam": "1.60.0",
        "@aws-cdk/core": "1.60.0",
        "constructs": "^3.0.2"
      }
    },
    "@aws-cdk/aws-codeguruprofiler": {
      "version": "1.60.0",
      "resolved": "https://registry.npmjs.org/@aws-cdk/aws-codeguruprofiler/-/aws-codeguruprofiler-1.60.0.tgz",
      "integrity": "sha512-COcSgEUiz0wTaL9cCzxMiCIDbtA6AoFZjB2xVJXwm6YvkK4M2cUfiemTtSSsxGChHEkydHYdS0vZYqNesznOhQ==",
      "requires": {
        "@aws-cdk/aws-iam": "1.60.0",
        "@aws-cdk/core": "1.60.0"
      }
    },
    "@aws-cdk/aws-ec2": {
      "version": "1.60.0",
      "resolved": "https://registry.npmjs.org/@aws-cdk/aws-ec2/-/aws-ec2-1.60.0.tgz",
      "integrity": "sha512-J1a9ffMLBBmUQcNVXFC14T7PU+n70WxGG3KFbapqretaAhPAtDh3bd/rCaLCmwj216f1t5XpH3fpeS7LGGqKuQ==",
      "requires": {
        "@aws-cdk/aws-cloudwatch": "1.60.0",
        "@aws-cdk/aws-iam": "1.60.0",
        "@aws-cdk/aws-kms": "1.60.0",
        "@aws-cdk/aws-logs": "1.60.0",
        "@aws-cdk/aws-s3": "1.60.0",
        "@aws-cdk/aws-s3-assets": "1.60.0",
        "@aws-cdk/aws-ssm": "1.60.0",
        "@aws-cdk/cloud-assembly-schema": "1.60.0",
        "@aws-cdk/core": "1.60.0",
        "@aws-cdk/cx-api": "1.60.0",
        "@aws-cdk/region-info": "1.60.0",
        "constructs": "^3.0.2"
      }
    },
    "@aws-cdk/aws-efs": {
      "version": "1.60.0",
      "resolved": "https://registry.npmjs.org/@aws-cdk/aws-efs/-/aws-efs-1.60.0.tgz",
      "integrity": "sha512-+WZ51FfJAng3buDMFa5PnGIKPuaSdZ08QAIryZUiDMSo0bKw7fZk40++pk18e7CE1vHnS6NI1nR6wINwXyfNGA==",
      "requires": {
        "@aws-cdk/aws-ec2": "1.60.0",
        "@aws-cdk/aws-kms": "1.60.0",
        "@aws-cdk/cloud-assembly-schema": "1.60.0",
        "@aws-cdk/core": "1.60.0",
        "@aws-cdk/cx-api": "1.60.0",
        "constructs": "^3.0.2"
      }
    },
    "@aws-cdk/aws-elasticloadbalancing": {
      "version": "1.60.0",
      "resolved": "https://registry.npmjs.org/@aws-cdk/aws-elasticloadbalancing/-/aws-elasticloadbalancing-1.60.0.tgz",
      "integrity": "sha512-aErhgqsxOS4lI0hmTgQm1khVJIYZ9FLh5UbzJi26B0DKmZHhLymr18mOopUO6NIIjJIjEhL4yYdKUlOnsQPN9A==",
      "requires": {
        "@aws-cdk/aws-ec2": "1.60.0",
        "@aws-cdk/core": "1.60.0",
        "constructs": "^3.0.2"
      }
    },
    "@aws-cdk/aws-elasticloadbalancingv2": {
      "version": "1.60.0",
      "resolved": "https://registry.npmjs.org/@aws-cdk/aws-elasticloadbalancingv2/-/aws-elasticloadbalancingv2-1.60.0.tgz",
      "integrity": "sha512-AeCp69ViFWDCVSL4O10zhGj0N9T7rxCYfVJwE3JLEWKYzqL7l/dKuBwLP1ufkfdeJzPhtmPvgC4VWGNZmgHxxg==",
      "requires": {
        "@aws-cdk/aws-certificatemanager": "1.60.0",
        "@aws-cdk/aws-cloudwatch": "1.60.0",
        "@aws-cdk/aws-ec2": "1.60.0",
        "@aws-cdk/aws-iam": "1.60.0",
        "@aws-cdk/aws-lambda": "1.60.0",
        "@aws-cdk/aws-s3": "1.60.0",
        "@aws-cdk/core": "1.60.0",
        "@aws-cdk/region-info": "1.60.0",
        "constructs": "^3.0.2"
      }
    },
    "@aws-cdk/aws-events": {
      "version": "1.60.0",
      "resolved": "https://registry.npmjs.org/@aws-cdk/aws-events/-/aws-events-1.60.0.tgz",
      "integrity": "sha512-UxXrGvuPv3gvlogg8kHFCyhvZuKLFrgYKoAzQhPZAYIl8ojVQiNn67LLdlnZ5R7Th8h+BJRRRKZmEb/R1fqYjQ==",
      "requires": {
        "@aws-cdk/aws-iam": "1.60.0",
        "@aws-cdk/core": "1.60.0",
        "constructs": "^3.0.2"
      }
    },
    "@aws-cdk/aws-iam": {
      "version": "1.60.0",
      "resolved": "https://registry.npmjs.org/@aws-cdk/aws-iam/-/aws-iam-1.60.0.tgz",
      "integrity": "sha512-p4Jm8Ws7ENuFduypLku/eKViWWBk7EXMXYUizqsI2/qIurwfkPJFrUEOBJiG4etr+5tRweTWM8KdK7jC823Ujw==",
      "requires": {
        "@aws-cdk/core": "1.60.0",
        "@aws-cdk/region-info": "1.60.0",
        "constructs": "^3.0.2"
      }
    },
    "@aws-cdk/aws-kms": {
      "version": "1.60.0",
      "resolved": "https://registry.npmjs.org/@aws-cdk/aws-kms/-/aws-kms-1.60.0.tgz",
      "integrity": "sha512-BDkcFMya1XjAvfW8D6wFXtSxHrVC1rYwrj8QcY6wKpx6m/QD7WOUOhtoZCsx/tC8lds+aS04luKJp6hgXfn4eA==",
      "requires": {
        "@aws-cdk/aws-iam": "1.60.0",
        "@aws-cdk/core": "1.60.0",
        "constructs": "^3.0.2"
      }
    },
    "@aws-cdk/aws-lambda": {
      "version": "1.60.0",
      "resolved": "https://registry.npmjs.org/@aws-cdk/aws-lambda/-/aws-lambda-1.60.0.tgz",
      "integrity": "sha512-xI5kG6zMWyYTMVagEzfqBCNe1DNpKegdjHoWFdnBVnxubI63iOARxTQQLuMRE4bZFR3gDprVgGh9auDO3RZ2jw==",
      "requires": {
        "@aws-cdk/aws-applicationautoscaling": "1.60.0",
        "@aws-cdk/aws-cloudwatch": "1.60.0",
        "@aws-cdk/aws-codeguruprofiler": "1.60.0",
        "@aws-cdk/aws-ec2": "1.60.0",
        "@aws-cdk/aws-efs": "1.60.0",
        "@aws-cdk/aws-events": "1.60.0",
        "@aws-cdk/aws-iam": "1.60.0",
        "@aws-cdk/aws-logs": "1.60.0",
        "@aws-cdk/aws-s3": "1.60.0",
        "@aws-cdk/aws-s3-assets": "1.60.0",
        "@aws-cdk/aws-sqs": "1.60.0",
        "@aws-cdk/core": "1.60.0",
        "@aws-cdk/cx-api": "1.60.0",
        "constructs": "^3.0.2"
      }
    },
    "@aws-cdk/aws-logs": {
      "version": "1.60.0",
      "resolved": "https://registry.npmjs.org/@aws-cdk/aws-logs/-/aws-logs-1.60.0.tgz",
      "integrity": "sha512-cMtMlq2SLc1vJILrgoUheCotQeHkJPRajz/lP2vvY/vL1Bu5RJsJfNiOO+8ZFN3wNOK+foM1h+LV5dAyl9n7Bw==",
      "requires": {
        "@aws-cdk/aws-cloudwatch": "1.60.0",
        "@aws-cdk/aws-iam": "1.60.0",
        "@aws-cdk/core": "1.60.0",
        "constructs": "^3.0.2"
      }
    },
    "@aws-cdk/aws-route53": {
      "version": "1.60.0",
      "resolved": "https://registry.npmjs.org/@aws-cdk/aws-route53/-/aws-route53-1.60.0.tgz",
      "integrity": "sha512-WBUOfUAiLQR0N9f2fXBmYjEtHN79mvLqXmN2i0rifxs8hEn4OXWXHYwtOqU1nAziF127D3urYgOPlZZ99PjJ4Q==",
      "requires": {
        "@aws-cdk/aws-ec2": "1.60.0",
        "@aws-cdk/aws-logs": "1.60.0",
        "@aws-cdk/cloud-assembly-schema": "1.60.0",
        "@aws-cdk/core": "1.60.0",
        "constructs": "^3.0.2"
      }
    },
    "@aws-cdk/aws-s3": {
      "version": "1.60.0",
      "resolved": "https://registry.npmjs.org/@aws-cdk/aws-s3/-/aws-s3-1.60.0.tgz",
      "integrity": "sha512-Kl+Lfe+5+5m+PHoE06xNs9rAF0Cy8i4ZI9NBfxnKxLb+5MEiVIwHWK91k8ofsTH7T/s/1Pmrw7TwwipCKhCAvA==",
      "requires": {
        "@aws-cdk/aws-events": "1.60.0",
        "@aws-cdk/aws-iam": "1.60.0",
        "@aws-cdk/aws-kms": "1.60.0",
        "@aws-cdk/core": "1.60.0",
        "constructs": "^3.0.2"
      }
    },
    "@aws-cdk/aws-s3-assets": {
      "version": "1.60.0",
      "resolved": "https://registry.npmjs.org/@aws-cdk/aws-s3-assets/-/aws-s3-assets-1.60.0.tgz",
      "integrity": "sha512-rBxJqwjWBuhPrV7svY+10qcBS8DJR+IGATbn7viezSlEVTVyPeHCOVJfMvNPhsum9QMZVQE0cbQEGT+Mr8B9Cw==",
      "requires": {
        "@aws-cdk/assets": "1.60.0",
        "@aws-cdk/aws-iam": "1.60.0",
        "@aws-cdk/aws-kms": "1.60.0",
        "@aws-cdk/aws-s3": "1.60.0",
        "@aws-cdk/core": "1.60.0",
        "@aws-cdk/cx-api": "1.60.0",
        "constructs": "^3.0.2"
      }
    },
    "@aws-cdk/aws-sns": {
      "version": "1.60.0",
      "resolved": "https://registry.npmjs.org/@aws-cdk/aws-sns/-/aws-sns-1.60.0.tgz",
      "integrity": "sha512-N37Fo8WQTkv9JAmiZeI5gPSuaL1nftNRXOjX6i+WRgx/wpWdnAzdMcRnGy/ValzgVyfk8lF3UkgZWORGHhlHsA==",
      "requires": {
        "@aws-cdk/aws-cloudwatch": "1.60.0",
        "@aws-cdk/aws-events": "1.60.0",
        "@aws-cdk/aws-iam": "1.60.0",
        "@aws-cdk/aws-kms": "1.60.0",
        "@aws-cdk/aws-sqs": "1.60.0",
        "@aws-cdk/core": "1.60.0",
        "constructs": "^3.0.2"
      }
    },
    "@aws-cdk/aws-sns-subscriptions": {
      "version": "1.60.0",
      "resolved": "https://registry.npmjs.org/@aws-cdk/aws-sns-subscriptions/-/aws-sns-subscriptions-1.60.0.tgz",
      "integrity": "sha512-oqgG8PXIWPdC1B4MZifoWZ3lcfU4kjYOLBYHktn9XwfSy+KnGvl+3E0U37j3JHXrZWd88/nvXJGXszQUp1nHiQ==",
      "requires": {
        "@aws-cdk/aws-iam": "1.60.0",
        "@aws-cdk/aws-lambda": "1.60.0",
        "@aws-cdk/aws-sns": "1.60.0",
        "@aws-cdk/aws-sqs": "1.60.0",
        "@aws-cdk/core": "1.60.0",
        "constructs": "^3.0.2"
      }
    },
    "@aws-cdk/aws-sqs": {
      "version": "1.60.0",
      "resolved": "https://registry.npmjs.org/@aws-cdk/aws-sqs/-/aws-sqs-1.60.0.tgz",
      "integrity": "sha512-g9FpZ6xrxvSqhvd+QS283XrJwFdDnJMf20Z7Iyx24HTdkTK25sjbAZ5xgjZl57VlDtl1E+ITzbuAvv6jGQTAHQ==",
      "requires": {
        "@aws-cdk/aws-cloudwatch": "1.60.0",
        "@aws-cdk/aws-iam": "1.60.0",
        "@aws-cdk/aws-kms": "1.60.0",
        "@aws-cdk/core": "1.60.0",
        "constructs": "^3.0.2"
      }
    },
    "@aws-cdk/aws-ssm": {
      "version": "1.60.0",
      "resolved": "https://registry.npmjs.org/@aws-cdk/aws-ssm/-/aws-ssm-1.60.0.tgz",
      "integrity": "sha512-AbsyfASy8voakl1nBiJxmSPoTmOKsvWs7NuYb2P4/EzHs/Qo355zFkhPJf8AdSETYXlrISBUsptIVyBWeCxICw==",
      "requires": {
        "@aws-cdk/aws-iam": "1.60.0",
        "@aws-cdk/aws-kms": "1.60.0",
        "@aws-cdk/cloud-assembly-schema": "1.60.0",
        "@aws-cdk/core": "1.60.0",
        "constructs": "^3.0.2"
      }
    },
    "@aws-cdk/cloud-assembly-schema": {
      "version": "1.60.0",
      "resolved": "https://registry.npmjs.org/@aws-cdk/cloud-assembly-schema/-/cloud-assembly-schema-1.60.0.tgz",
      "integrity": "sha512-FI0YB6h+SjxChfjnEpQfOYez1B01STDGhn4FQkZ0lbZuAkfW3DUbZYHzR8bTwKo/wgGt/vJ+MYrqxdMyLn62og==",
      "requires": {
        "jsonschema": "^1.2.5",
        "semver": "^7.2.2"
      },
      "dependencies": {
        "jsonschema": {
          "version": "1.2.6",
          "bundled": true
        },
        "semver": {
          "version": "7.3.2",
          "bundled": true
        }
      }
    },
    "@aws-cdk/core": {
      "version": "1.60.0",
      "resolved": "https://registry.npmjs.org/@aws-cdk/core/-/core-1.60.0.tgz",
      "integrity": "sha512-h6P5z6E/8ttINA9IqrFxXamHZraPj1NlCE83I5QHaWPACaVe+EJbvjU3dITDyK/+fGjmQ/1m4rFaNMyBd43mVg==",
      "requires": {
        "@aws-cdk/cloud-assembly-schema": "1.60.0",
        "@aws-cdk/cx-api": "1.60.0",
        "constructs": "^3.0.2",
        "fs-extra": "^9.0.1",
        "minimatch": "^3.0.4"
      },
      "dependencies": {
        "at-least-node": {
          "version": "1.0.0",
          "bundled": true
        },
        "balanced-match": {
          "version": "1.0.0",
          "bundled": true
        },
        "brace-expansion": {
          "version": "1.1.11",
          "bundled": true,
          "requires": {
            "balanced-match": "^1.0.0",
            "concat-map": "0.0.1"
          }
        },
        "concat-map": {
          "version": "0.0.1",
          "bundled": true
        },
        "fs-extra": {
          "version": "9.0.1",
          "bundled": true,
          "requires": {
            "at-least-node": "^1.0.0",
            "graceful-fs": "^4.2.0",
            "jsonfile": "^6.0.1",
            "universalify": "^1.0.0"
          }
        },
        "graceful-fs": {
          "version": "4.2.3",
          "bundled": true
        },
        "jsonfile": {
          "version": "6.0.1",
          "bundled": true,
          "requires": {
            "graceful-fs": "^4.1.6",
            "universalify": "^1.0.0"
          }
        },
        "minimatch": {
          "version": "3.0.4",
          "bundled": true,
          "requires": {
            "brace-expansion": "^1.1.7"
          }
        },
        "universalify": {
          "version": "1.0.0",
          "bundled": true
        }
      }
    },
    "@aws-cdk/cx-api": {
      "version": "1.60.0",
      "resolved": "https://registry.npmjs.org/@aws-cdk/cx-api/-/cx-api-1.60.0.tgz",
      "integrity": "sha512-Lx1KOB4HowdlPiftkplgaCZWYPeOEeqZgCNxeo1lRa3ypDYkrpcwVsLgLIsWhph0Lb7qtmrMmubiwaE1VTiLwQ==",
      "requires": {
        "@aws-cdk/cloud-assembly-schema": "1.60.0",
        "semver": "^7.2.2"
      },
      "dependencies": {
        "semver": {
          "version": "7.3.2",
          "bundled": true
        }
      }
    },
    "@aws-cdk/region-info": {
      "version": "1.60.0",
      "resolved": "https://registry.npmjs.org/@aws-cdk/region-info/-/region-info-1.60.0.tgz",
      "integrity": "sha512-rz2HUVTM42wVXbx+T2nwT8WKSY9BFB+ThhdGAT81l1dsi/Vtne1Ql5AlnBRCWW4TXR6Nvt3DjGEsG4o6DZmsdw=="
    },
    "@types/node": {
      "version": "14.6.0",
      "resolved": "https://registry.npmjs.org/@types/node/-/node-14.6.0.tgz",
      "integrity": "sha512-mikldZQitV94akrc4sCcSjtJfsTKt4p+e/s0AGscVA6XArQ9kFclP+ZiYUMnq987rc6QlYxXv/EivqlfSLxpKA=="
    },
    "@types/nunjucks": {
      "version": "3.1.3",
      "resolved": "https://registry.npmjs.org/@types/nunjucks/-/nunjucks-3.1.3.tgz",
      "integrity": "sha512-42IiIIBdoB7ZDwCVhCWYT4fMCj+4TeacuVgh7xyT2du5EhkpA+OFeeDdYTFCUt1MrHb8Aw7ZqFvr8s1bwP9l8w=="
    },
    "a-sync-waterfall": {
      "version": "1.0.1",
      "resolved": "https://registry.npmjs.org/a-sync-waterfall/-/a-sync-waterfall-1.0.1.tgz",
      "integrity": "sha512-RYTOHHdWipFUliRFMCS4X2Yn2X8M87V/OpSqWzKKOGhzqyUxzyVmhHDH9sAvG+ZuQf/TAOFsLCpMw09I1ufUnA=="
    },
    "asap": {
      "version": "2.0.6",
      "resolved": "https://registry.npmjs.org/asap/-/asap-2.0.6.tgz",
      "integrity": "sha512-BSHWgDSAiKs50o2Re8ppvp3seVHXSRM44cdSsT9FfNEUUZLOGWVCsiWaRPWM1Znn+mqZ1OfVZ3z3DWEzSp7hRA=="
    },
    "commander": {
      "version": "5.1.0",
      "resolved": "https://registry.npmjs.org/commander/-/commander-5.1.0.tgz",
      "integrity": "sha512-P0CysNDQ7rtVw4QIQtm+MRxV66vKFSvlsQvGYXZWR3qFU0jlMKHZZZgw8e+8DSah4UDKMqnknRDQz+xuQXQ/Zg=="
    },
    "constructs": {
      "version": "3.0.4",
      "resolved": "https://registry.npmjs.org/constructs/-/constructs-3.0.4.tgz",
      "integrity": "sha512-CDvg7gMjphE3DFX4pzkF6j73NREbR8npPFW8Mx/CLRnMR035+Y1o1HrXIsNSss/dq3ZUnNTU9jKyd3fL9EOlfw=="
    },
    "nunjucks": {
      "version": "3.2.4",
      "resolved": "https://registry.npmjs.org/nunjucks/-/nunjucks-3.2.4.tgz",
      "integrity": "sha512-26XRV6BhkgK0VOxfbU5cQI+ICFUtMLixv1noZn1tGU38kQH5A5nmmbk/O45xdyBhD1esk47nKrY0mvQpZIhRjQ==",
      "requires": {
        "a-sync-waterfall": "^1.0.0",
        "asap": "^2.0.3",
        "commander": "^5.1.0"
      }
    },
    "typescript": {
      "version": "4.0.2",
      "resolved": "https://registry.npmjs.org/typescript/-/typescript-4.0.2.tgz",
      "integrity": "sha512-e4ERvRV2wb+rRZ/IQeb3jm2VxBsirQLpQhdxplZ2MEzGvDkkMmPglecnNDfSUBivMjP93vRbngYYDQqQ/78bcQ==",
      "dev": true
    }
  }
}
